// !$*UTF8*$!
{
	archiveVersion = 1;
	classes = {
	};
	objectVersion = 46;
	objects = {

/* Begin PBXBuildFile section */
		1FFEB3F7C653E0442FE2C510 /* Pods_MyBook.framework in Frameworks */ = {isa = PBXBuildFile; fileRef = 9AA18E3FCED6D8E6269F5524 /* Pods_MyBook.framework */; };
		BA60CAFD20FF5386004A748D /* SharedPrefDatabase.swift in Sources */ = {isa = PBXBuildFile; fileRef = BA60CAFC20FF5386004A748D /* SharedPrefDatabase.swift */; };
		BA60CB0220FF594E004A748D /* HomeViewController.swift in Sources */ = {isa = PBXBuildFile; fileRef = BA60CB0120FF594E004A748D /* HomeViewController.swift */; };
		BAABAB3C20FDAAD5000D5CCD /* AppDelegate.swift in Sources */ = {isa = PBXBuildFile; fileRef = BAABAB3B20FDAAD5000D5CCD /* AppDelegate.swift */; };
		BAABAB3E20FDAAD5000D5CCD /* ViewController.swift in Sources */ = {isa = PBXBuildFile; fileRef = BAABAB3D20FDAAD5000D5CCD /* ViewController.swift */; };
		BAABAB4120FDAAD5000D5CCD /* Main.storyboard in Resources */ = {isa = PBXBuildFile; fileRef = BAABAB3F20FDAAD5000D5CCD /* Main.storyboard */; };
		BAABAB4320FDAAD9000D5CCD /* Assets.xcassets in Resources */ = {isa = PBXBuildFile; fileRef = BAABAB4220FDAAD9000D5CCD /* Assets.xcassets */; };
		BAABAB4620FDAADA000D5CCD /* LaunchScreen.storyboard in Resources */ = {isa = PBXBuildFile; fileRef = BAABAB4420FDAADA000D5CCD /* LaunchScreen.storyboard */; };
		BABB525D20FDDEA9005512B7 /* Api_URL.swift in Sources */ = {isa = PBXBuildFile; fileRef = BABB525C20FDDEA9005512B7 /* Api_URL.swift */; };
/* End PBXBuildFile section */

/* Begin PBXFileReference section */
		9AA18E3FCED6D8E6269F5524 /* Pods_MyBook.framework */ = {isa = PBXFileReference; explicitFileType = wrapper.framework; includeInIndex = 0; path = Pods_MyBook.framework; sourceTree = BUILT_PRODUCTS_DIR; };
		BA60CAFC20FF5386004A748D /* SharedPrefDatabase.swift */ = {isa = PBXFileReference; lastKnownFileType = sourcecode.swift; path = SharedPrefDatabase.swift; sourceTree = "<group>"; };
		BA60CB0120FF594E004A748D /* HomeViewController.swift */ = {isa = PBXFileReference; lastKnownFileType = sourcecode.swift; path = HomeViewController.swift; sourceTree = "<group>"; };
		BAABAB3820FDAAD5000D5CCD /* MyBook.app */ = {isa = PBXFileReference; explicitFileType = wrapper.application; includeInIndex = 0; path = MyBook.app; sourceTree = BUILT_PRODUCTS_DIR; };
		BAABAB3B20FDAAD5000D5CCD /* AppDelegate.swift */ = {isa = PBXFileReference; lastKnownFileType = sourcecode.swift; path = AppDelegate.swift; sourceTree = "<group>"; };
		BAABAB3D20FDAAD5000D5CCD /* ViewController.swift */ = {isa = PBXFileReference; lastKnownFileType = sourcecode.swift; path = ViewController.swift; sourceTree = "<group>"; };
		BAABAB4020FDAAD5000D5CCD /* Base */ = {isa = PBXFileReference; lastKnownFileType = file.storyboard; name = Base; path = Base.lproj/Main.storyboard; sourceTree = "<group>"; };
		BAABAB4220FDAAD9000D5CCD /* Assets.xcassets */ = {isa = PBXFileReference; lastKnownFileType = folder.assetcatalog; path = Assets.xcassets; sourceTree = "<group>"; };
		BAABAB4520FDAADA000D5CCD /* Base */ = {isa = PBXFileReference; lastKnownFileType = file.storyboard; name = Base; path = Base.lproj/LaunchScreen.storyboard; sourceTree = "<group>"; };
		BAABAB4720FDAADA000D5CCD /* Info.plist */ = {isa = PBXFileReference; lastKnownFileType = text.plist.xml; path = Info.plist; sourceTree = "<group>"; };
		BABB524B20FDB747005512B7 /* Alamofire.framework */ = {isa = PBXFileReference; explicitFileType = wrapper.framework; path = Alamofire.framework; sourceTree = BUILT_PRODUCTS_DIR; };
		BABB524D20FDB74C005512B7 /* AlamofireImage.framework */ = {isa = PBXFileReference; explicitFileType = wrapper.framework; path = AlamofireImage.framework; sourceTree = BUILT_PRODUCTS_DIR; };
		BABB525C20FDDEA9005512B7 /* Api_URL.swift */ = {isa = PBXFileReference; lastKnownFileType = sourcecode.swift; path = Api_URL.swift; sourceTree = "<group>"; };
		F42E7463F23428AF7CE99AC3 /* Pods-MyBook.debug.xcconfig */ = {isa = PBXFileReference; includeInIndex = 1; lastKnownFileType = text.xcconfig; name = "Pods-MyBook.debug.xcconfig"; path = "Pods/Target Support Files/Pods-MyBook/Pods-MyBook.debug.xcconfig"; sourceTree = "<group>"; };
		F68C0AF434BD65E69E4F6DF5 /* Pods-MyBook.release.xcconfig */ = {isa = PBXFileReference; includeInIndex = 1; lastKnownFileType = text.xcconfig; name = "Pods-MyBook.release.xcconfig"; path = "Pods/Target Support Files/Pods-MyBook/Pods-MyBook.release.xcconfig"; sourceTree = "<group>"; };
/* End PBXFileReference section */

/* Begin PBXFrameworksBuildPhase section */
		BAABAB3520FDAAD5000D5CCD /* Frameworks */ = {
			isa = PBXFrameworksBuildPhase;
			buildActionMask = 2147483647;
			files = (
				1FFEB3F7C653E0442FE2C510 /* Pods_MyBook.framework in Frameworks */,
			);
			runOnlyForDeploymentPostprocessing = 0;
		};
/* End PBXFrameworksBuildPhase section */

/* Begin PBXGroup section */
		23BA1111148D3D010C9C6813 /* Frameworks */ = {
			isa = PBXGroup;
			children = (
				BABB524D20FDB74C005512B7 /* AlamofireImage.framework */,
				BABB524B20FDB747005512B7 /* Alamofire.framework */,
				9AA18E3FCED6D8E6269F5524 /* Pods_MyBook.framework */,
			);
			name = Frameworks;
			sourceTree = "<group>";
		};
		BA60CAFE20FF58F1004A748D /* AllViewController */ = {
			isa = PBXGroup;
			children = (
				BA60CB0120FF594E004A748D /* HomeViewController.swift */,
			);
			path = AllViewController;
			sourceTree = "<group>";
		};
		BAABAB2F20FDAAD5000D5CCD = {
			isa = PBXGroup;
			children = (
				BAABAB3A20FDAAD5000D5CCD /* MyBook */,
				BAABAB3920FDAAD5000D5CCD /* Products */,
				C4E1526388C2C81BD97ED8C4 /* Pods */,
				23BA1111148D3D010C9C6813 /* Frameworks */,
			);
			sourceTree = "<group>";
		};
		BAABAB3920FDAAD5000D5CCD /* Products */ = {
			isa = PBXGroup;
			children = (
				BAABAB3820FDAAD5000D5CCD /* MyBook.app */,
			);
			name = Products;
			sourceTree = "<group>";
		};
		BAABAB3A20FDAAD5000D5CCD /* MyBook */ = {
			isa = PBXGroup;
			children = (
				BA60CAFE20FF58F1004A748D /* AllViewController */,
				BABB525B20FDDE6C005512B7 /* Util */,
				BAABAB3B20FDAAD5000D5CCD /* AppDelegate.swift */,
				BAABAB3D20FDAAD5000D5CCD /* ViewController.swift */,
				BAABAB3F20FDAAD5000D5CCD /* Main.storyboard */,
				BAABAB4220FDAAD9000D5CCD /* Assets.xcassets */,
				BAABAB4420FDAADA000D5CCD /* LaunchScreen.storyboard */,
				BAABAB4720FDAADA000D5CCD /* Info.plist */,
			);
			path = MyBook;
			sourceTree = "<group>";
		};
		BABB525B20FDDE6C005512B7 /* Util */ = {
			isa = PBXGroup;
			children = (
				BABB525C20FDDEA9005512B7 /* Api_URL.swift */,
				BA60CAFC20FF5386004A748D /* SharedPrefDatabase.swift */,
			);
			path = Util;
			sourceTree = "<group>";
		};
		C4E1526388C2C81BD97ED8C4 /* Pods */ = {
			isa = PBXGroup;
			children = (
				F42E7463F23428AF7CE99AC3 /* Pods-MyBook.debug.xcconfig */,
				F68C0AF434BD65E69E4F6DF5 /* Pods-MyBook.release.xcconfig */,
			);
			name = Pods;
			sourceTree = "<group>";
		};
/* End PBXGroup section */

/* Begin PBXNativeTarget section */
		BAABAB3720FDAAD5000D5CCD /* MyBook */ = {
			isa = PBXNativeTarget;
			buildConfigurationList = BAABAB4A20FDAADA000D5CCD /* Build configuration list for PBXNativeTarget "MyBook" */;
			buildPhases = (
				57F9464D32F72CCE5A0C31D1 /* [CP] Check Pods Manifest.lock */,
				BAABAB3420FDAAD5000D5CCD /* Sources */,
				BAABAB3520FDAAD5000D5CCD /* Frameworks */,
				BAABAB3620FDAAD5000D5CCD /* Resources */,
				96426070C59EED8DAD31BB08 /* [CP] Embed Pods Frameworks */,
			);
			buildRules = (
			);
			dependencies = (
			);
			name = MyBook;
			productName = MyBook;
			productReference = BAABAB3820FDAAD5000D5CCD /* MyBook.app */;
			productType = "com.apple.product-type.application";
		};
/* End PBXNativeTarget section */

/* Begin PBXProject section */
		BAABAB3020FDAAD5000D5CCD /* Project object */ = {
			isa = PBXProject;
			attributes = {
				LastSwiftUpdateCheck = 0940;
				LastUpgradeCheck = 0940;
				ORGANIZATIONNAME = "Nano IT";
				TargetAttributes = {
					BAABAB3720FDAAD5000D5CCD = {
						CreatedOnToolsVersion = 9.4.1;
						ProvisioningStyle = Automatic;
					};
				};
			};
			buildConfigurationList = BAABAB3320FDAAD5000D5CCD /* Build configuration list for PBXProject "MyBook" */;
			compatibilityVersion = "Xcode 3.2";
			developmentRegion = en;
			hasScannedForEncodings = 0;
			knownRegions = (
				en,
				Base,
			);
			mainGroup = BAABAB2F20FDAAD5000D5CCD;
			productRefGroup = BAABAB3920FDAAD5000D5CCD /* Products */;
			projectDirPath = "";
			projectRoot = "";
			targets = (
				BAABAB3720FDAAD5000D5CCD /* MyBook */,
			);
		};
/* End PBXProject section */

/* Begin PBXResourcesBuildPhase section */
		BAABAB3620FDAAD5000D5CCD /* Resources */ = {
			isa = PBXResourcesBuildPhase;
			buildActionMask = 2147483647;
			files = (
				BAABAB4620FDAADA000D5CCD /* LaunchScreen.storyboard in Resources */,
				BAABAB4320FDAAD9000D5CCD /* Assets.xcassets in Resources */,
				BAABAB4120FDAAD5000D5CCD /* Main.storyboard in Resources */,
			);
			runOnlyForDeploymentPostprocessing = 0;
		};
/* End PBXResourcesBuildPhase section */

/* Begin PBXShellScriptBuildPhase section */
		57F9464D32F72CCE5A0C31D1 /* [CP] Check Pods Manifest.lock */ = {
			isa = PBXShellScriptBuildPhase;
			buildActionMask = 2147483647;
			files = (
			);
			inputPaths = (
				"${PODS_PODFILE_DIR_PATH}/Podfile.lock",
				"${PODS_ROOT}/Manifest.lock",
			);
			name = "[CP] Check Pods Manifest.lock";
			outputPaths = (
				"$(DERIVED_FILE_DIR)/Pods-MyBook-checkManifestLockResult.txt",
			);
			runOnlyForDeploymentPostprocessing = 0;
			shellPath = /bin/sh;
			shellScript = "diff \"${PODS_PODFILE_DIR_PATH}/Podfile.lock\" \"${PODS_ROOT}/Manifest.lock\" > /dev/null\nif [ $? != 0 ] ; then\n    # print error to STDERR\n    echo \"error: The sandbox is not in sync with the Podfile.lock. Run 'pod install' or update your CocoaPods installation.\" >&2\n    exit 1\nfi\n# This output is used by Xcode 'outputs' to avoid re-running this script phase.\necho \"SUCCESS\" > \"${SCRIPT_OUTPUT_FILE_0}\"\n";
			showEnvVarsInLog = 0;
		};
		96426070C59EED8DAD31BB08 /* [CP] Embed Pods Frameworks */ = {
			isa = PBXShellScriptBuildPhase;
			buildActionMask = 2147483647;
			files = (
			);
			inputPaths = (
				"${SRCROOT}/Pods/Target Support Files/Pods-MyBook/Pods-MyBook-frameworks.sh",
				"${BUILT_PRODUCTS_DIR}/Alamofire/Alamofire.framework",
				"${BUILT_PRODUCTS_DIR}/AlamofireImage/AlamofireImage.framework",
				"${BUILT_PRODUCTS_DIR}/Toast/Toast.framework",
			);
			name = "[CP] Embed Pods Frameworks";
			outputPaths = (
				"${TARGET_BUILD_DIR}/${FRAMEWORKS_FOLDER_PATH}/Alamofire.framework",
				"${TARGET_BUILD_DIR}/${FRAMEWORKS_FOLDER_PATH}/AlamofireImage.framework",
				"${TARGET_BUILD_DIR}/${FRAMEWORKS_FOLDER_PATH}/Toast.framework",
			);
			runOnlyForDeploymentPostprocessing = 0;
			shellPath = /bin/sh;
			shellScript = "\"${SRCROOT}/Pods/Target Support Files/Pods-MyBook/Pods-MyBook-frameworks.sh\"\n";
			showEnvVarsInLog = 0;
		};
/* End PBXShellScriptBuildPhase section */

/* Begin PBXSourcesBuildPhase section */
		BAABAB3420FDAAD5000D5CCD /* Sources */ = {
			isa = PBXSourcesBuildPhase;
			buildActionMask = 2147483647;
			files = (
				BA60CB0220FF594E004A748D /* HomeViewController.swift in Sources */,
				BA60CAFD20FF5386004A748D /* SharedPrefDatabase.swift in Sources */,
				BAABAB3E20FDAAD5000D5CCD /* ViewController.swift in Sources */,
				BAABAB3C20FDAAD5000D5CCD /* AppDelegate.swift in Sources */,
				BABB525D20FDDEA9005512B7 /* Api_URL.swift in Sources */,
			);
			runOnlyForDeploymentPostprocessing = 0;
		};
/* End PBXSourcesBuildPhase section */

/* Begin PBXVariantGroup section */
		BAABAB3F20FDAAD5000D5CCD /* Main.storyboard */ = {
			isa = PBXVariantGroup;
			children = (
				BAABAB4020FDAAD5000D5CCD /* Base */,
			);
			name = Main.storyboard;
			sourceTree = "<group>";
		};
		BAABAB4420FDAADA000D5CCD /* LaunchScreen.storyboard */ = {
			isa = PBXVariantGroup;
			children = (
				BAABAB4520FDAADA000D5CCD /* Base */,
			);
			name = LaunchScreen.storyboard;
			sourceTree = "<group>";
		};
/* End PBXVariantGroup section */

/* Begin XCBuildConfiguration section */
		BAABAB4820FDAADA000D5CCD /* Debug */ = {
			isa = XCBuildConfiguration;
			buildSettings = {
				ALWAYS_SEARCH_USER_PATHS = NO;
				CLANG_ANALYZER_NONNULL = YES;
				CLANG_ANALYZER_NUMBER_OBJECT_CONVERSION = YES_AGGRESSIVE;
				CLANG_CXX_LANGUAGE_STANDARD = "gnu++14";
				CLANG_CXX_LIBRARY = "libc++";
				CLANG_ENABLE_MODULES = YES;
				CLANG_ENABLE_OBJC_ARC = YES;
				CLANG_ENABLE_OBJC_WEAK = YES;
				CLANG_WARN_BLOCK_CAPTURE_AUTORELEASING = YES;
				CLANG_WARN_BOOL_CONVERSION = YES;
				CLANG_WARN_COMMA = YES;
				CLANG_WARN_CONSTANT_CONVERSION = YES;
				CLANG_WARN_DEPRECATED_OBJC_IMPLEMENTATIONS = YES;
				CLANG_WARN_DIRECT_OBJC_ISA_USAGE = YES_ERROR;
				CLANG_WARN_DOCUMENTATION_COMMENTS = YES;
				CLANG_WARN_EMPTY_BODY = YES;
				CLANG_WARN_ENUM_CONVERSION = YES;
				CLANG_WARN_INFINITE_RECURSION = YES;
				CLANG_WARN_INT_CONVERSION = YES;
				CLANG_WARN_NON_LITERAL_NULL_CONVERSION = YES;
				CLANG_WARN_OBJC_IMPLICIT_RETAIN_SELF = YES;
				CLANG_WARN_OBJC_LITERAL_CONVERSION = YES;
				CLANG_WARN_OBJC_ROOT_CLASS = YES_ERROR;
				CLANG_WARN_RANGE_LOOP_ANALYSIS = YES;
				CLANG_WARN_STRICT_PROTOTYPES = YES;
				CLANG_WARN_SUSPICIOUS_MOVE = YES;
				CLANG_WARN_UNGUARDED_AVAILABILITY = YES_AGGRESSIVE;
				CLANG_WARN_UNREACHABLE_CODE = YES;
				CLANG_WARN__DUPLICATE_METHOD_MATCH = YES;
				CODE_SIGN_IDENTITY = "iPhone Developer";
				COPY_PHASE_STRIP = NO;
				DEBUG_INFORMATION_FORMAT = dwarf;
				ENABLE_STRICT_OBJC_MSGSEND = YES;
				ENABLE_TESTABILITY = YES;
				GCC_C_LANGUAGE_STANDARD = gnu11;
				GCC_DYNAMIC_NO_PIC = NO;
				GCC_NO_COMMON_BLOCKS = YES;
				GCC_OPTIMIZATION_LEVEL = 0;
				GCC_PREPROCESSOR_DEFINITIONS = (
					"DEBUG=1",
					"$(inherited)",
				);
				GCC_WARN_64_TO_32_BIT_CONVERSION = YES;
				GCC_WARN_ABOUT_RETURN_TYPE = YES_ERROR;
				GCC_WARN_UNDECLARED_SELECTOR = YES;
				GCC_WARN_UNINITIALIZED_AUTOS = YES_AGGRESSIVE;
				GCC_WARN_UNUSED_FUNCTION = YES;
				GCC_WARN_UNUSED_VARIABLE = YES;
				IPHONEOS_DEPLOYMENT_TARGET = 11.4;
				MTL_ENABLE_DEBUG_INFO = YES;
				ONLY_ACTIVE_ARCH = YES;
				SDKROOT = iphoneos;
				SWIFT_ACTIVE_COMPILATION_CONDITIONS = DEBUG;
				SWIFT_OPTIMIZATION_LEVEL = "-Onone";
			};
			name = Debug;
		};
		BAABAB4920FDAADA000D5CCD /* Release */ = {
			isa = XCBuildConfiguration;
			buildSettings = {
				ALWAYS_SEARCH_USER_PATHS = NO;
				CLANG_ANALYZER_NONNULL = YES;
				CLANG_ANALYZER_NUMBER_OBJECT_CONVERSION = YES_AGGRESSIVE;
				CLANG_CXX_LANGUAGE_STANDARD = "gnu++14";
				CLANG_CXX_LIBRARY = "libc++";
				CLANG_ENABLE_MODULES = YES;
				CLANG_ENABLE_OBJC_ARC = YES;
				CLANG_ENABLE_OBJC_WEAK = YES;
				CLANG_WARN_BLOCK_CAPTURE_AUTORELEASING = YES;
				CLANG_WARN_BOOL_CONVERSION = YES;
				CLANG_WARN_COMMA = YES;
				CLANG_WARN_CONSTANT_CONVERSION = YES;
				CLANG_WARN_DEPRECATED_OBJC_IMPLEMENTATIONS = YES;
				CLANG_WARN_DIRECT_OBJC_ISA_USAGE = YES_ERROR;
				CLANG_WARN_DOCUMENTATION_COMMENTS = YES;
				CLANG_WARN_EMPTY_BODY = YES;
				CLANG_WARN_ENUM_CONVERSION = YES;
				CLANG_WARN_INFINITE_RECURSION = YES;
				CLANG_WARN_INT_CONVERSION = YES;
				CLANG_WARN_NON_LITERAL_NULL_CONVERSION = YES;
				CLANG_WARN_OBJC_IMPLICIT_RETAIN_SELF = YES;
				CLANG_WARN_OBJC_LITERAL_CONVERSION = YES;
				CLANG_WARN_OBJC_ROOT_CLASS = YES_ERROR;
				CLANG_WARN_RANGE_LOOP_ANALYSIS = YES;
				CLANG_WARN_STRICT_PROTOTYPES = YES;
				CLANG_WARN_SUSPICIOUS_MOVE = YES;
				CLANG_WARN_UNGUARDED_AVAILABILITY = YES_AGGRESSIVE;
				CLANG_WARN_UNREACHABLE_CODE = YES;
				CLANG_WARN__DUPLICATE_METHOD_MATCH = YES;
				CODE_SIGN_IDENTITY = "iPhone Developer";
				COPY_PHASE_STRIP = NO;
				DEBUG_INFORMATION_FORMAT = "dwarf-with-dsym";
				ENABLE_NS_ASSERTIONS = NO;
				ENABLE_STRICT_OBJC_MSGSEND = YES;
				GCC_C_LANGUAGE_STANDARD = gnu11;
				GCC_NO_COMMON_BLOCKS = YES;
				GCC_WARN_64_TO_32_BIT_CONVERSION = YES;
				GCC_WARN_ABOUT_RETURN_TYPE = YES_ERROR;
				GCC_WARN_UNDECLARED_SELECTOR = YES;
				GCC_WARN_UNINITIALIZED_AUTOS = YES_AGGRESSIVE;
				GCC_WARN_UNUSED_FUNCTION = YES;
				GCC_WARN_UNUSED_VARIABLE = YES;
				IPHONEOS_DEPLOYMENT_TARGET = 11.4;
				MTL_ENABLE_DEBUG_INFO = NO;
				ONLY_ACTIVE_ARCH = YES;
				SDKROOT = iphoneos;
				SWIFT_OPTIMIZATION_LEVEL = "-Owholemodule";
				VALIDATE_PRODUCT = YES;
			};
			name = Release;
		};
		BAABAB4B20FDAADA000D5CCD /* Debug */ = {
			isa = XCBuildConfiguration;
			baseConfigurationReference = F42E7463F23428AF7CE99AC3 /* Pods-MyBook.debug.xcconfig */;
			buildSettings = {
				ASSETCATALOG_COMPILER_APPICON_NAME = AppIcon;
				CODE_SIGN_STYLE = Automatic;
				DEVELOPMENT_TEAM = "";
				INFOPLIST_FILE = MyBook/Info.plist;
				LD_RUNPATH_SEARCH_PATHS = "$(inherited) @executable_path/Frameworks";
				PRODUCT_BUNDLE_IDENTIFIER = com.saim.MyBook;
				PRODUCT_NAME = "$(TARGET_NAME)";
				SWIFT_VERSION = 4.0;
				TARGETED_DEVICE_FAMILY = "1,2";
			};
			name = Debug;
		};
		BAABAB4C20FDAADA000D5CCD /* Release */ = {
			isa = XCBuildConfiguration;
			baseConfigurationReference = F68C0AF434BD65E69E4F6DF5 /* Pods-MyBook.release.xcconfig */;
			buildSettings = {
				ASSETCATALOG_COMPILER_APPICON_NAME = AppIcon;
				CODE_SIGN_STYLE = Automatic;
				DEVELOPMENT_TEAM = "";
				INFOPLIST_FILE = MyBook/Info.plist;
				LD_RUNPATH_SEARCH_PATHS = "$(inherited) @executable_path/Frameworks";
				PRODUCT_BUNDLE_IDENTIFIER = com.saim.MyBook;
				PRODUCT_NAME = "$(TARGET_NAME)";
				SWIFT_VERSION = 4.0;
				TARGETED_DEVICE_FAMILY = "1,2";
			};
			name = Release;
		};
/* End XCBuildConfiguration section */

/* Begin XCConfigurationList section */
		BAABAB3320FDAAD5000D5CCD /* Build configuration list for PBXProject "MyBook" */ = {
			isa = XCConfigurationList;
			buildConfigurations = (
				BAABAB4820FDAADA000D5CCD /* Debug */,
				BAABAB4920FDAADA000D5CCD /* Release */,
			);
			defaultConfigurationIsVisible = 0;
			defaultConfigurationName = Release;
		};
		BAABAB4A20FDAADA000D5CCD /* Build configuration list for PBXNativeTarget "MyBook" */ = {
			isa = XCConfigurationList;
			buildConfigurations = (
				BAABAB4B20FDAADA000D5CCD /* Debug */,
				BAABAB4C20FDAADA000D5CCD /* Release */,
			);
			defaultConfigurationIsVisible = 0;
			defaultConfigurationName = Release;
		};
/* End XCConfigurationList section */
	};
	rootObject = BAABAB3020FDAAD5000D5CCD /* Project object */;
}
